
Microsoft Visual Studio Solution File, Format Version 12.00
# Visual Studio Version 17
VisualStudioVersion = 17.8.34330.188
MinimumVisualStudioVersion = 10.0.40219.1
Project("{FAE04EC0-301F-11D3-BF4B-00C04F79EFBC}") = "demo_tx2", "demo_tx2\demo_tx2.csproj", "{C0B16202-C0CB-41E5-9E39-E6D83B165CBF}"
EndProject
Global
	GlobalSection(SolutionConfigurationPlatforms) = preSolution
		Debug|Any CPU = Debug|Any CPU
		Release|Any CPU = Release|Any CPU
	EndGlobalSection
	GlobalSection(ProjectConfigurationPlatforms) = postSolution
		{C0B16202-C0CB-41E5-9E39-E6D83B165CBF}.Debug|Any CPU.ActiveCfg = Debug|Any CPU
		{C0B16202-C0CB-41E5-9E39-E6D83B165CBF}.Debug|Any CPU.Build.0 = Debug|Any CPU
		{C0B16202-C0CB-41E5-9E39-E6D83B165CBF}.Release|Any CPU.ActiveCfg = Release|Any CPU
		{C0B16202-C0CB-41E5-9E39-E6D83B165CBF}.Release|Any CPU.Build.0 = Release|Any CPU
	EndGlobalSection
	GlobalSection(SolutionProperties) = preSolution
		HideSolutionNode = FALSE
	EndGlobalSection
	GlobalSection(ExtensibilityGlobals) = postSolution
		SolutionGuid = {CA267853-B958-4D08-8926-777739B02ECD}
	EndGlobalSection
EndGlobal
